// !$*UTF8*$!
{
	archiveVersion = 1;
	classes = {
	};
	objectVersion = 56;
	objects = {

/* Begin PBXBuildFile section */
		494D185F28B8EAAF00552AC8 /* AppDelegate.swift in Sources */ = {isa = PBXBuildFile; fileRef = 494D185E28B8EAAF00552AC8 /* AppDelegate.swift */; };
		494D186128B8EAAF00552AC8 /* SceneDelegate.swift in Sources */ = {isa = PBXBuildFile; fileRef = 494D186028B8EAAF00552AC8 /* SceneDelegate.swift */; };
		494D186328B8EAAF00552AC8 /* MapViewController.swift in Sources */ = {isa = PBXBuildFile; fileRef = 494D186228B8EAAF00552AC8 /* MapViewController.swift */; };
		494D186628B8EAAF00552AC8 /* Main.storyboard in Resources */ = {isa = PBXBuildFile; fileRef = 494D186428B8EAAF00552AC8 /* Main.storyboard */; };
		494D186828B8EAB000552AC8 /* Assets.xcassets in Resources */ = {isa = PBXBuildFile; fileRef = 494D186728B8EAB000552AC8 /* Assets.xcassets */; };
		494D186B28B8EAB000552AC8 /* LaunchScreen.storyboard in Resources */ = {isa = PBXBuildFile; fileRef = 494D186928B8EAB000552AC8 /* LaunchScreen.storyboard */; };
		494D187328B8FBF900552AC8 /* MapViewModel.swift in Sources */ = {isa = PBXBuildFile; fileRef = 494D187228B8FBF900552AC8 /* MapViewModel.swift */; };
		494D187528B8FC4100552AC8 /* LocationDataModel.swift in Sources */ = {isa = PBXBuildFile; fileRef = 494D187428B8FC4100552AC8 /* LocationDataModel.swift */; };
		494D187A28B9031100552AC8 /* Locations.json in Resources */ = {isa = PBXBuildFile; fileRef = 494D187928B9031100552AC8 /* Locations.json */; };
/* End PBXBuildFile section */

/* Begin PBXFileReference section */
		494D185B28B8EAAF00552AC8 /* AppleMaps.app */ = {isa = PBXFileReference; explicitFileType = wrapper.application; includeInIndex = 0; path = AppleMaps.app; sourceTree = BUILT_PRODUCTS_DIR; };
		494D185E28B8EAAF00552AC8 /* AppDelegate.swift */ = {isa = PBXFileReference; lastKnownFileType = sourcecode.swift; path = AppDelegate.swift; sourceTree = "<group>"; };
		494D186028B8EAAF00552AC8 /* SceneDelegate.swift */ = {isa = PBXFileReference; lastKnownFileType = sourcecode.swift; path = SceneDelegate.swift; sourceTree = "<group>"; };
		494D186228B8EAAF00552AC8 /* MapViewController.swift */ = {isa = PBXFileReference; lastKnownFileType = sourcecode.swift; path = MapViewController.swift; sourceTree = "<group>"; };
		494D186528B8EAAF00552AC8 /* Base */ = {isa = PBXFileReference; lastKnownFileType = file.storyboard; name = Base; path = Base.lproj/Main.storyboard; sourceTree = "<group>"; };
		494D186728B8EAB000552AC8 /* Assets.xcassets */ = {isa = PBXFileReference; lastKnownFileType = folder.assetcatalog; path = Assets.xcassets; sourceTree = "<group>"; };
		494D186A28B8EAB000552AC8 /* Base */ = {isa = PBXFileReference; lastKnownFileType = file.storyboard; name = Base; path = Base.lproj/LaunchScreen.storyboard; sourceTree = "<group>"; };
		494D186C28B8EAB000552AC8 /* Info.plist */ = {isa = PBXFileReference; lastKnownFileType = text.plist.xml; path = Info.plist; sourceTree = "<group>"; };
		494D187228B8FBF900552AC8 /* MapViewModel.swift */ = {isa = PBXFileReference; lastKnownFileType = sourcecode.swift; path = MapViewModel.swift; sourceTree = "<group>"; };
		494D187428B8FC4100552AC8 /* LocationDataModel.swift */ = {isa = PBXFileReference; lastKnownFileType = sourcecode.swift; path = LocationDataModel.swift; sourceTree = "<group>"; };
		494D187928B9031100552AC8 /* Locations.json */ = {isa = PBXFileReference; fileEncoding = 4; lastKnownFileType = text.json; path = Locations.json; sourceTree = "<group>"; };
/* End PBXFileReference section */

/* Begin PBXFrameworksBuildPhase section */
		494D185828B8EAAF00552AC8 /* Frameworks */ = {
			isa = PBXFrameworksBuildPhase;
			buildActionMask = 2147483647;
			files = (
			);
			runOnlyForDeploymentPostprocessing = 0;
		};
/* End PBXFrameworksBuildPhase section */

/* Begin PBXGroup section */
		494D185228B8EAAF00552AC8 = {
			isa = PBXGroup;
			children = (
				494D185D28B8EAAF00552AC8 /* AppleMaps */,
				494D185C28B8EAAF00552AC8 /* Products */,
			);
			sourceTree = "<group>";
		};
		494D185C28B8EAAF00552AC8 /* Products */ = {
			isa = PBXGroup;
			children = (
				494D185B28B8EAAF00552AC8 /* AppleMaps.app */,
			);
			name = Products;
			sourceTree = "<group>";
		};
		494D185D28B8EAAF00552AC8 /* AppleMaps */ = {
			isa = PBXGroup;
			children = (
				494D187B28B9F19500552AC8 /* Maps */,
				494D187828B902A000552AC8 /* Resources */,
				494D185E28B8EAAF00552AC8 /* AppDelegate.swift */,
				494D186028B8EAAF00552AC8 /* SceneDelegate.swift */,
				494D186428B8EAAF00552AC8 /* Main.storyboard */,
				494D186728B8EAB000552AC8 /* Assets.xcassets */,
				494D186928B8EAB000552AC8 /* LaunchScreen.storyboard */,
				494D186C28B8EAB000552AC8 /* Info.plist */,
			);
			path = AppleMaps;
			sourceTree = "<group>";
		};
		494D187828B902A000552AC8 /* Resources */ = {
			isa = PBXGroup;
			children = (
				494D187928B9031100552AC8 /* Locations.json */,
			);
			path = Resources;
			sourceTree = "<group>";
		};
		494D187B28B9F19500552AC8 /* Maps */ = {
			isa = PBXGroup;
			children = (
				494D187428B8FC4100552AC8 /* LocationDataModel.swift */,
				494D186228B8EAAF00552AC8 /* MapViewController.swift */,
				494D187228B8FBF900552AC8 /* MapViewModel.swift */,
			);
			path = Maps;
			sourceTree = "<group>";
		};
/* End PBXGroup section */

/* Begin PBXNativeTarget section */
		494D185A28B8EAAF00552AC8 /* AppleMaps */ = {
			isa = PBXNativeTarget;
			buildConfigurationList = 494D186F28B8EAB000552AC8 /* Build configuration list for PBXNativeTarget "AppleMaps" */;
			buildPhases = (
				494D185728B8EAAF00552AC8 /* Sources */,
				494D185828B8EAAF00552AC8 /* Frameworks */,
				494D185928B8EAAF00552AC8 /* Resources */,
			);
			buildRules = (
			);
			dependencies = (
			);
			name = AppleMaps;
			productName = AppleMaps;
			productReference = 494D185B28B8EAAF00552AC8 /* AppleMaps.app */;
			productType = "com.apple.product-type.application";
		};
/* End PBXNativeTarget section */

/* Begin PBXProject section */
		494D185328B8EAAF00552AC8 /* Project object */ = {
			isa = PBXProject;
			attributes = {
				BuildIndependentTargetsInParallel = 1;
				LastSwiftUpdateCheck = 1400;
				LastUpgradeCheck = 1400;
				TargetAttributes = {
					494D185A28B8EAAF00552AC8 = {
						CreatedOnToolsVersion = 14.0;
					};
				};
			};
			buildConfigurationList = 494D185628B8EAAF00552AC8 /* Build configuration list for PBXProject "AppleMaps" */;
			compatibilityVersion = "Xcode 14.0";
			developmentRegion = en;
			hasScannedForEncodings = 0;
			knownRegions = (
				en,
				Base,
			);
			mainGroup = 494D185228B8EAAF00552AC8;
			productRefGroup = 494D185C28B8EAAF00552AC8 /* Products */;
			projectDirPath = "";
			projectRoot = "";
			targets = (
				494D185A28B8EAAF00552AC8 /* AppleMaps */,
			);
		};
/* End PBXProject section */

/* Begin PBXResourcesBuildPhase section */
		494D185928B8EAAF00552AC8 /* Resources */ = {
			isa = PBXResourcesBuildPhase;
			buildActionMask = 2147483647;
			files = (
				494D186B28B8EAB000552AC8 /* LaunchScreen.storyboard in Resources */,
				494D186828B8EAB000552AC8 /* Assets.xcassets in Resources */,
				494D187A28B9031100552AC8 /* Locations.json in Resources */,
				494D186628B8EAAF00552AC8 /* Main.storyboard in Resources */,
			);
			runOnlyForDeploymentPostprocessing = 0;
		};
/* End PBXResourcesBuildPhase section */

/* Begin PBXSourcesBuildPhase section */
		494D185728B8EAAF00552AC8 /* Sources */ = {
			isa = PBXSourcesBuildPhase;
			buildActionMask = 2147483647;
			files = (
				494D187528B8FC4100552AC8 /* LocationDataModel.swift in Sources */,
				494D186328B8EAAF00552AC8 /* MapViewController.swift in Sources */,
				494D185F28B8EAAF00552AC8 /* AppDelegate.swift in Sources */,
				494D186128B8EAAF00552AC8 /* SceneDelegate.swift in Sources */,
				494D187328B8FBF900552AC8 /* MapViewModel.swift in Sources */,
			);
			runOnlyForDeploymentPostprocessing = 0;
		};
/* End PBXSourcesBuildPhase section */

/* Begin PBXVariantGroup section */
		494D186428B8EAAF00552AC8 /* Main.storyboard */ = {
			isa = PBXVariantGroup;
			children = (
				494D186528B8EAAF00552AC8 /* Base */,
			);
			name = Main.storyboard;
			sourceTree = "<group>";
		};
		494D186928B8EAB000552AC8 /* LaunchScreen.storyboard */ = {
			isa = PBXVariantGroup;
			children = (
				494D186A28B8EAB000552AC8 /* Base */,
			);
			name = LaunchScreen.storyboard;
			sourceTree = "<group>";
		};
/* End PBXVariantGroup section */

/* Begin XCBuildConfiguration section */
		494D186D28B8EAB000552AC8 /* Debug */ = {
			isa = XCBuildConfiguration;
			buildSettings = {
				ALWAYS_SEARCH_USER_PATHS = NO;
				CLANG_ANALYZER_NONNULL = YES;
				CLANG_ANALYZER_NUMBER_OBJECT_CONVERSION = YES_AGGRESSIVE;
				CLANG_CXX_LANGUAGE_STANDARD = "gnu++17";
				CLANG_ENABLE_MODULES = YES;
				CLANG_ENABLE_OBJC_ARC = YES;
				CLANG_ENABLE_OBJC_WEAK = YES;
				CLANG_WARN_BLOCK_CAPTURE_AUTORELEASING = YES;
				CLANG_WARN_BOOL_CONVERSION = YES;
				CLANG_WARN_COMMA = YES;
				CLANG_WARN_CONSTANT_CONVERSION = YES;
				CLANG_WARN_DEPRECATED_OBJC_IMPLEMENTATIONS = YES;
				CLANG_WARN_DIRECT_OBJC_ISA_USAGE = YES_ERROR;
				CLANG_WARN_DOCUMENTATION_COMMENTS = YES;
				CLANG_WARN_EMPTY_BODY = YES;
				CLANG_WARN_ENUM_CONVERSION = YES;
				CLANG_WARN_INFINITE_RECURSION = YES;
				CLANG_WARN_INT_CONVERSION = YES;
				CLANG_WARN_NON_LITERAL_NULL_CONVERSION = YES;
				CLANG_WARN_OBJC_IMPLICIT_RETAIN_SELF = YES;
				CLANG_WARN_OBJC_LITERAL_CONVERSION = YES;
				CLANG_WARN_OBJC_ROOT_CLASS = YES_ERROR;
				CLANG_WARN_QUOTED_INCLUDE_IN_FRAMEWORK_HEADER = YES;
				CLANG_WARN_RANGE_LOOP_ANALYSIS = YES;
				CLANG_WARN_STRICT_PROTOTYPES = YES;
				CLANG_WARN_SUSPICIOUS_MOVE = YES;
				CLANG_WARN_UNGUARDED_AVAILABILITY = YES_AGGRESSIVE;
				CLANG_WARN_UNREACHABLE_CODE = YES;
				CLANG_WARN__DUPLICATE_METHOD_MATCH = YES;
				COPY_PHASE_STRIP = NO;
				DEBUG_INFORMATION_FORMAT = dwarf;
				ENABLE_STRICT_OBJC_MSGSEND = YES;
				ENABLE_TESTABILITY = YES;
				GCC_C_LANGUAGE_STANDARD = gnu11;
				GCC_DYNAMIC_NO_PIC = NO;
				GCC_NO_COMMON_BLOCKS = YES;
				GCC_OPTIMIZATION_LEVEL = 0;
				GCC_PREPROCESSOR_DEFINITIONS = (
					"DEBUG=1",
					"$(inherited)",
				);
				GCC_WARN_64_TO_32_BIT_CONVERSION = YES;
				GCC_WARN_ABOUT_RETURN_TYPE = YES_ERROR;
				GCC_WARN_UNDECLARED_SELECTOR = YES;
				GCC_WARN_UNINITIALIZED_AUTOS = YES_AGGRESSIVE;
				GCC_WARN_UNUSED_FUNCTION = YES;
				GCC_WARN_UNUSED_VARIABLE = YES;
				IPHONEOS_DEPLOYMENT_TARGET = 16.0;
				MTL_ENABLE_DEBUG_INFO = INCLUDE_SOURCE;
				MTL_FAST_MATH = YES;
				ONLY_ACTIVE_ARCH = YES;
				SDKROOT = iphoneos;
				SWIFT_ACTIVE_COMPILATION_CONDITIONS = DEBUG;
				SWIFT_OPTIMIZATION_LEVEL = "-Onone";
			};
			name = Debug;
		};
		494D186E28B8EAB000552AC8 /* Release */ = {
			isa = XCBuildConfiguration;
			buildSettings = {
				ALWAYS_SEARCH_USER_PATHS = NO;
				CLANG_ANALYZER_NONNULL = YES;
				CLANG_ANALYZER_NUMBER_OBJECT_CONVERSION = YES_AGGRESSIVE;
				CLANG_CXX_LANGUAGE_STANDARD = "gnu++17";
				CLANG_ENABLE_MODULES = YES;
				CLANG_ENABLE_OBJC_ARC = YES;
				CLANG_ENABLE_OBJC_WEAK = YES;
				CLANG_WARN_BLOCK_CAPTURE_AUTORELEASING = YES;
				CLANG_WARN_BOOL_CONVERSION = YES;
				CLANG_WARN_COMMA = YES;
				CLANG_WARN_CONSTANT_CONVERSION = YES;
				CLANG_WARN_DEPRECATED_OBJC_IMPLEMENTATIONS = YES;
				CLANG_WARN_DIRECT_OBJC_ISA_USAGE = YES_ERROR;
				CLANG_WARN_DOCUMENTATION_COMMENTS = YES;
				CLANG_WARN_EMPTY_BODY = YES;
				CLANG_WARN_ENUM_CONVERSION = YES;
				CLANG_WARN_INFINITE_RECURSION = YES;
				CLANG_WARN_INT_CONVERSION = YES;
				CLANG_WARN_NON_LITERAL_NULL_CONVERSION = YES;
				CLANG_WARN_OBJC_IMPLICIT_RETAIN_SELF = YES;
				CLANG_WARN_OBJC_LITERAL_CONVERSION = YES;
				CLANG_WARN_OBJC_ROOT_CLASS = YES_ERROR;
				CLANG_WARN_QUOTED_INCLUDE_IN_FRAMEWORK_HEADER = YES;
				CLANG_WARN_RANGE_LOOP_ANALYSIS = YES;
				CLANG_WARN_STRICT_PROTOTYPES = YES;
				CLANG_WARN_SUSPICIOUS_MOVE = YES;
				CLANG_WARN_UNGUARDED_AVAILABILITY = YES_AGGRESSIVE;
				CLANG_WARN_UNREACHABLE_CODE = YES;
				CLANG_WARN__DUPLICATE_METHOD_MATCH = YES;
				COPY_PHASE_STRIP = NO;
				DEBUG_INFORMATION_FORMAT = "dwarf-with-dsym";
				ENABLE_NS_ASSERTIONS = NO;
				ENABLE_STRICT_OBJC_MSGSEND = YES;
				GCC_C_LANGUAGE_STANDARD = gnu11;
				GCC_NO_COMMON_BLOCKS = YES;
				GCC_WARN_64_TO_32_BIT_CONVERSION = YES;
				GCC_WARN_ABOUT_RETURN_TYPE = YES_ERROR;
				GCC_WARN_UNDECLARED_SELECTOR = YES;
				GCC_WARN_UNINITIALIZED_AUTOS = YES_AGGRESSIVE;
				GCC_WARN_UNUSED_FUNCTION = YES;
				GCC_WARN_UNUSED_VARIABLE = YES;
				IPHONEOS_DEPLOYMENT_TARGET = 16.0;
				MTL_ENABLE_DEBUG_INFO = NO;
				MTL_FAST_MATH = YES;
				SDKROOT = iphoneos;
				SWIFT_COMPILATION_MODE = wholemodule;
				SWIFT_OPTIMIZATION_LEVEL = "-O";
				VALIDATE_PRODUCT = YES;
			};
			name = Release;
		};
		494D187028B8EAB000552AC8 /* Debug */ = {
			isa = XCBuildConfiguration;
			buildSettings = {
				ASSETCATALOG_COMPILER_APPICON_NAME = AppIcon;
				ASSETCATALOG_COMPILER_GLOBAL_ACCENT_COLOR_NAME = AccentColor;
				CODE_SIGN_STYLE = Automatic;
				CURRENT_PROJECT_VERSION = 1;
				DEVELOPMENT_TEAM = LWPZV93C5R;
				GENERATE_INFOPLIST_FILE = YES;
				INFOPLIST_FILE = AppleMaps/Info.plist;
				INFOPLIST_KEY_NSLocationAlwaysAndWhenInUseUsageDescription = "Need location permission to mark your location";
				INFOPLIST_KEY_NSLocationAlwaysUsageDescription = "Need location permission to mark your location";
				INFOPLIST_KEY_NSLocationWhenInUseUsageDescription = "Need location permission to mark your location";
				INFOPLIST_KEY_UIApplicationSupportsIndirectInputEvents = YES;
				INFOPLIST_KEY_UILaunchStoryboardName = LaunchScreen;
				INFOPLIST_KEY_UIMainStoryboardFile = Main;
				INFOPLIST_KEY_UISupportedInterfaceOrientations_iPad = "UIInterfaceOrientationPortrait UIInterfaceOrientationPortraitUpsideDown UIInterfaceOrientationLandscapeLeft UIInterfaceOrientationLandscapeRight";
				INFOPLIST_KEY_UISupportedInterfaceOrientations_iPhone = "UIInterfaceOrientationPortrait UIInterfaceOrientationLandscapeLeft UIInterfaceOrientationLandscapeRight";
				IPHONEOS_DEPLOYMENT_TARGET = 14.0;
				LD_RUNPATH_SEARCH_PATHS = (
					"$(inherited)",
					"@executable_path/Frameworks",
				);
				MARKETING_VERSION = 1.0;
				PRODUCT_BUNDLE_IDENTIFIER = com.bhanuteja.AppleMaps;
				PRODUCT_NAME = "$(TARGET_NAME)";
				SWIFT_EMIT_LOC_STRINGS = YES;
				SWIFT_VERSION = 5.0;
				TARGETED_DEVICE_FAMILY = "1,2";
			};
			name = Debug;
		};
		494D187128B8EAB000552AC8 /* Release */ = {
			isa = XCBuildConfiguration;
			buildSettings = {
				ASSETCATALOG_COMPILER_APPICON_NAME = AppIcon;
				ASSETCATALOG_COMPILER_GLOBAL_ACCENT_COLOR_NAME = AccentColor;
				CODE_SIGN_STYLE = Automatic;
				CURRENT_PROJECT_VERSION = 1;
				DEVELOPMENT_TEAM = LWPZV93C5R;
				GENERATE_INFOPLIST_FILE = YES;
				INFOPLIST_FILE = AppleMaps/Info.plist;
				INFOPLIST_KEY_NSLocationAlwaysAndWhenInUseUsageDescription = "Need location permission to mark your location";
				INFOPLIST_KEY_NSLocationAlwaysUsageDescription = "Need location permission to mark your location";
				INFOPLIST_KEY_NSLocationWhenInUseUsageDescription = "Need location permission to mark your location";
				INFOPLIST_KEY_UIApplicationSupportsIndirectInputEvents = YES;
				INFOPLIST_KEY_UILaunchStoryboardName = LaunchScreen;
				INFOPLIST_KEY_UIMainStoryboardFile = Main;
				INFOPLIST_KEY_UISupportedInterfaceOrientations_iPad = "UIInterfaceOrientationPortrait UIInterfaceOrientationPortraitUpsideDown UIInterfaceOrientationLandscapeLeft UIInterfaceOrientationLandscapeRight";
				INFOPLIST_KEY_UISupportedInterfaceOrientations_iPhone = "UIInterfaceOrientationPortrait UIInterfaceOrientationLandscapeLeft UIInterfaceOrientationLandscapeRight";
				IPHONEOS_DEPLOYMENT_TARGET = 14.0;
				LD_RUNPATH_SEARCH_PATHS = (
					"$(inherited)",
					"@executable_path/Frameworks",
				);
				MARKETING_VERSION = 1.0;
				PRODUCT_BUNDLE_IDENTIFIER = com.bhanuteja.AppleMaps;
				PRODUCT_NAME = "$(TARGET_NAME)";
				SWIFT_EMIT_LOC_STRINGS = YES;
				SWIFT_VERSION = 5.0;
				TARGETED_DEVICE_FAMILY = "1,2";
			};
			name = Release;
		};
/* End XCBuildConfiguration section */

/* Begin XCConfigurationList section */
		494D185628B8EAAF00552AC8 /* Build configuration list for PBXProject "AppleMaps" */ = {
			isa = XCConfigurationList;
			buildConfigurations = (
				494D186D28B8EAB000552AC8 /* Debug */,
				494D186E28B8EAB000552AC8 /* Release */,
			);
			defaultConfigurationIsVisible = 0;
			defaultConfigurationName = Release;
		};
		494D186F28B8EAB000552AC8 /* Build configuration list for PBXNativeTarget "AppleMaps" */ = {
			isa = XCConfigurationList;
			buildConfigurations = (
				494D187028B8EAB000552AC8 /* Debug */,
				494D187128B8EAB000552AC8 /* Release */,
			);
			defaultConfigurationIsVisible = 0;
			defaultConfigurationName = Release;
		};
/* End XCConfigurationList section */
	};
	rootObject = 494D185328B8EAAF00552AC8 /* Project object */;
}
